
Microsoft Visual Studio Solution File, Format Version 12.00
# Visual Studio Version 16
VisualStudioVersion = 16.0.30011.22
MinimumVisualStudioVersion = 10.0.40219.1
Project("{8BC9CEB8-8B4A-11D0-8D11-00A0C91BC942}") = "fgui_example_impl", "fgui_example_impl.vcxproj", "{212F35E0-07A4-422E-842A-F2ED11A1282A}"
EndProject
Global
	GlobalSection(SolutionConfigurationPlatforms) = preSolution
		Debug|x64 = Debug|x64
		Debug|x86 = Debug|x86
		Release|x64 = Release|x64
		Release|x86 = Release|x86
	EndGlobalSection
	GlobalSection(ProjectConfigurationPlatforms) = postSolution
		{212F35E0-07A4-422E-842A-F2ED11A1282A}.Debug|x64.ActiveCfg = Debug|x64
		{212F35E0-07A4-422E-842A-F2ED11A1282A}.Debug|x64.Build.0 = Debug|x64
		{212F35E0-07A4-422E-842A-F2ED11A1282A}.Debug|x86.ActiveCfg = Debug|Win32
		{212F35E0-07A4-422E-842A-F2ED11A1282A}.Debug|x86.Build.0 = Debug|Win32
		{212F35E0-07A4-422E-842A-F2ED11A1282A}.Release|x64.ActiveCfg = Release|x64
		{212F35E0-07A4-422E-842A-F2ED11A1282A}.Release|x64.Build.0 = Release|x64
		{212F35E0-07A4-422E-842A-F2ED11A1282A}.Release|x86.ActiveCfg = Release|Win32
		{212F35E0-07A4-422E-842A-F2ED11A1282A}.Release|x86.Build.0 = Release|Win32
	EndGlobalSection
	GlobalSection(SolutionProperties) = preSolution
		HideSolutionNode = FALSE
	EndGlobalSection
	GlobalSection(ExtensibilityGlobals) = postSolution
		SolutionGuid = {3B9FD6BB-18E0-4ED8-97A4-824B6BF99E4B}
	EndGlobalSection
EndGlobal
